[[package]]
name = "colorama"
version = "0.4.5"
description = "Cross-platform colored terminal text."
category = "main"
optional = false
python-versions = ">=2.7, !=3.0.*, !=3.1.*, !=3.2.*, !=3.3.*, !=3.4.*"

[[package]]
name = "flake8"
version = "5.0.4"
description = "the modular source code checker: pep8 pyflakes and co"
category = "dev"
optional = false
python-versions = ">=3.6.1"

[package.dependencies]
mccabe = ">=0.7.0,<0.8.0"
pycodestyle = ">=2.9.0,<2.10.0"
pyflakes = ">=2.5.0,<2.6.0"

[[package]]
name = "loguru"
version = "0.6.0"
description = "Python logging made (stupidly) simple"
category = "main"
optional = false
python-versions = ">=3.5"

[package.dependencies]
colorama = {version = ">=0.3.4", markers = "sys_platform == \"win32\""}
win32-setctime = {version = ">=1.0.0", markers = "sys_platform == \"win32\""}

[package.extras]
dev = ["sphinx-rtd-theme (>=0.4.3)", "sphinx-autobuild (>=0.7.1)", "Sphinx (>=4.1.1)", "isort (>=5.1.1)", "black (>=19.10b0)", "pytest-cov (>=2.7.1)", "pytest (>=4.6.2)", "tox (>=3.9.0)", "flake8 (>=3.7.7)", "docutils (==0.16)", "colorama (>=0.3.4)"]

[[package]]
name = "mccabe"
version = "0.7.0"
description = "McCabe checker, plugin for flake8"
category = "dev"
optional = false
python-versions = ">=3.6"

[[package]]
name = "psycopg"
version = "3.0.16"
description = "PostgreSQL database adapter for Python"
category = "main"
optional = false
python-versions = ">=3.6"

[package.dependencies]
tzdata = {version = "*", markers = "sys_platform == \"win32\""}

[package.extras]
test = ["pytest-randomly (>=3.10)", "pytest-cov (>=3.0)", "pytest-asyncio (>=0.16,<0.17)", "pytest (>=6.2.5)", "pproxy (>=2.7)", "mypy (>=0.920,!=0.930,!=0.931)"]
pool = ["psycopg-pool"]
docs = ["sphinx-autodoc-typehints (>=1.12)", "sphinx-autobuild (>=2021.3.14)", "furo (==2022.6.21)", "Sphinx (>=5.0)"]
dev = ["wheel (>=0.37)", "types-setuptools (>=57.4)", "mypy (>=0.920,!=0.930,!=0.931)", "flake8 (>=4.0)", "dnspython (>=2.1)", "black (>=22.3.0)"]
c = ["psycopg-c (==3.0.16)"]
binary = ["psycopg-binary (==3.0.16)"]

[[package]]
name = "psycopg-pool"
version = "3.1.1"
description = "Connection Pool for Psycopg"
category = "main"
optional = false
python-versions = ">=3.7"

[[package]]
name = "pycodestyle"
version = "2.9.1"
description = "Python style guide checker"
category = "dev"
optional = false
python-versions = ">=3.6"

[[package]]
name = "pyflakes"
version = "2.5.0"
description = "passive checker of Python programs"
category = "dev"
optional = false
python-versions = ">=3.6"

[[package]]
name = "python-dotenv"
version = "0.20.0"
description = "Read key-value pairs from a .env file and set them as environment variables"
category = "main"
optional = false
python-versions = ">=3.5"

[package.extras]
cli = ["click (>=5.0)"]

[[package]]
name = "slack-bolt"
version = "1.14.3"
description = "The Bolt Framework for Python"
category = "main"
optional = false
python-versions = ">=3.6"

[package.dependencies]
slack-sdk = ">=3.17.2,<4"

[package.extras]
adapter = ["boto3 (<=2)", "bottle (>=0.12,<1)", "chalice (>=1.26.5,<2)", "click (>=7,<8)", "CherryPy (>=18,<19)", "Django (>=3,<5)", "falcon (>=2,<4)", "fastapi (>=0.70.0,<1)", "Flask (>=1,<3)", "Werkzeug (>=2,<3)", "pyramid (>=1,<3)", "sanic (>=21,<22)", "starlette (>=0.14,<1)", "tornado (>=6,<7)", "uvicorn (<1)", "gunicorn (>=20,<21)", "websocket-client (>=1.2.3,<2)"]
adapter_testing = ["moto (>=3,<4)", "docker (>=5,<6)", "boddle (>=0.2,<0.3)", "Flask (>=1,<2)", "Werkzeug (>=1,<2)", "sanic-testing (>=0.7)", "requests (>=2,<3)"]
async = ["aiohttp (>=3,<4)", "websockets (>=8,<10)"]
testing = ["pytest (>=6.2.5,<7)", "pytest-cov (>=3,<4)", "Flask-Sockets (>=0.2,<1)", "Werkzeug (>=1,<2)", "itsdangerous (==2.0.1)", "Jinja2 (==3.0.3)", "black (==22.3.0)", "click (<=8.0.4)", "pytest-asyncio (>=0.18.2,<1)", "aiohttp (>=3,<4)"]
testing_without_asyncio = ["pytest (>=6.2.5,<7)", "pytest-cov (>=3,<4)", "Flask-Sockets (>=0.2,<1)", "Werkzeug (>=1,<2)", "itsdangerous (==2.0.1)", "Jinja2 (==3.0.3)", "black (==22.3.0)", "click (<=8.0.4)"]

[[package]]
name = "slack-sdk"
version = "3.18.1"
description = "The Slack API Platform SDK for Python"
category = "main"
optional = false
python-versions = ">=3.6.0"

[package.extras]
optional = ["aiodns (>1.0)", "aiohttp (>=3.7.3,<4)", "boto3 (<=2)", "SQLAlchemy (>=1,<2)", "websockets (>=10,<11)", "websocket-client (>=1,<2)"]
testing = ["pytest (>=6.2.5,<7)", "pytest-asyncio (<1)", "Flask-Sockets (>=0.2,<1)", "Flask (>=1,<2)", "Werkzeug (<2)", "itsdangerous (==1.1.0)", "Jinja2 (==3.0.3)", "pytest-cov (>=2,<3)", "codecov (>=2,<3)", "flake8 (>=4,<5)", "black (==22.3.0)", "click (==8.0.4)", "psutil (>=5,<6)", "databases (>=0.5)", "boto3 (<=2)", "moto (>=3,<4)"]

[[package]]
name = "tzdata"
version = "2022.1"
description = "Provider of IANA time zone data"
category = "main"
optional = false
python-versions = ">=2"

[[package]]
name = "win32-setctime"
version = "1.1.0"
description = "A small Python utility to set file creation time on Windows"
category = "main"
optional = false
python-versions = ">=3.5"

[package.extras]
dev = ["black (>=19.3b0)", "pytest (>=4.6.2)"]

[metadata]
lock-version = "1.1"
python-versions = "^3.10"
content-hash = "f33cebeeeefb63037c4f42e84e5f3cdee5eefe96df524c5aa5a3c0916b4d9ba0"

[metadata.files]
colorama = []
flake8 = []
loguru = []
mccabe = []
psycopg = []
psycopg-pool = []
pycodestyle = []
pyflakes = []
python-dotenv = [
    {file = "python-dotenv-0.20.0.tar.gz", hash = "sha256:b7e3b04a59693c42c36f9ab1cc2acc46fa5df8c78e178fc33a8d4cd05c8d498f"},
    {file = "python_dotenv-0.20.0-py3-none-any.whl", hash = "sha256:d92a187be61fe482e4fd675b6d52200e7be63a12b724abbf931a40ce4fa92938"},
]
slack-bolt = []
slack-sdk = []
tzdata = []
win32-setctime = []
